
Microsoft Visual Studio Solution File, Format Version 12.00
# Visual Studio Version 16
VisualStudioVersion = 16.0.29102.190
MinimumVisualStudioVersion = 10.0.40219.1
Project("{FAE04EC0-301F-11D3-BF4B-00C04F79EFBC}") = "NumberOfSteps", "NumberOfSteps.csproj", "{AECB48F5-CF4C-4065-9341-ABB7708B0CB1}"
EndProject
Global
	GlobalSection(SolutionConfigurationPlatforms) = preSolution
		Debug|Any CPU = Debug|Any CPU
		Release|Any CPU = Release|Any CPU
	EndGlobalSection
	GlobalSection(ProjectConfigurationPlatforms) = postSolution
		{AECB48F5-CF4C-4065-9341-ABB7708B0CB1}.Debug|Any CPU.ActiveCfg = Debug|Any CPU
		{AECB48F5-CF4C-4065-9341-ABB7708B0CB1}.Debug|Any CPU.Build.0 = Debug|Any CPU
		{AECB48F5-CF4C-4065-9341-ABB7708B0CB1}.Release|Any CPU.ActiveCfg = Release|Any CPU
		{AECB48F5-CF4C-4065-9341-ABB7708B0CB1}.Release|Any CPU.Build.0 = Release|Any CPU
	EndGlobalSection
	GlobalSection(SolutionProperties) = preSolution
		HideSolutionNode = FALSE
	EndGlobalSection
	GlobalSection(ExtensibilityGlobals) = postSolution
		SolutionGuid = {82C8CD46-4D01-4355-8121-2B2ACE18E726}
	EndGlobalSection
EndGlobal
